{
    "_readme": [
        "This file locks the dependencies of your project to a known state",
        "Read more about it at http://getcomposer.org/doc/01-basic-usage.md#composer-lock-the-lock-file"
    ],
    "hash": "1f291ab24d5547d4a18cf19f0193f8df",
    "packages": [
        {
            "name": "packfire/fuelblade",
            "version": "1.1.2",
            "source": {
                "type": "git",
                "url": "https://github.com/packfire/fuelblade.git",
                "reference": "29d9f3ab73b6df9940875d01213db21ce81ac614"
            },
            "dist": {
                "type": "zip",
                "url": "https://api.github.com/repos/packfire/fuelblade/zipball/29d9f3ab73b6df9940875d01213db21ce81ac614",
                "reference": "29d9f3ab73b6df9940875d01213db21ce81ac614",
                "shasum": ""
            },
            "require": {
                "php": ">=5.3.0"
            },
            "type": "library",
            "autoload": {
                "psr-0": {
                    "Packfire\\FuelBlade\\": "src/"
                }
            },
            "notification-url": "https://packagist.org/downloads/",
            "license": [
                "BSD-3-Clause"
            ],
            "authors": [
                {
                    "name": "Sam-Mauris Yong",
                    "email": "mauris@hotmail.sg",
                    "homepage": "http://mauris.sg/",
                    "role": "Developer"
                }
            ],
            "description": "Packfire FuelBlade - Dependency Injection / IoC library for PHP",
            "homepage": "http://mauris.sg/packfire/",
            "keywords": [
                "dependency",
                "di",
                "ioc"
            ],
            "time": "2013-11-02 15:11:29"
        }
    ],
    "packages-dev": [

    ],
    "aliases": [

    ],
    "minimum-stability": "stable",
    "stability-flags": [

    ],
    "platform": {
        "php": ">=5.3.0"
    },
    "platform-dev": [

    ]
}
